
Microsoft Visual Studio Solution File, Format Version 12.00
# Visual Studio Version 17
VisualStudioVersion = 17.0.31903.59
MinimumVisualStudioVersion = 10.0.40219.1
Project("{FAE04EC0-301F-11D3-BF4B-00C04F79EFBC}") = "AccountManagementSystem", "AccountManagementSystem\AccountManagementSystem.csproj", "{0B318BB8-D05A-4CB9-AD13-58A6EB096481}"
EndProject
Project("{FAE04EC0-301F-11D3-BF4B-00C04F79EFBC}") = "UserManagementSystem", "UserManagementSystem\UserManagementSystem.csproj", "{EF063966-77F2-4C26-A20E-FE10FEE5F92D}"
EndProject
Project("{FAE04EC0-301F-11D3-BF4B-00C04F79EFBC}") = "Models", "Models\Models.csproj", "{CE54ABFE-64D6-462A-9BE7-1A8DEE384F41}"
EndProject
Project("{FAE04EC0-301F-11D3-BF4B-00C04F79EFBC}") = "Persistance", "Persistance\Persistance.csproj", "{E670572D-5AFB-4933-935B-73C0C3F0FFC4}"
EndProject
Project("{2150E333-8FDC-42A3-9474-1A3956D46DE8}") = "Tests", "Tests", "{EC943488-0514-4B11-9CCC-8AB057435DBB}"
EndProject
Project("{FAE04EC0-301F-11D3-BF4B-00C04F79EFBC}") = "AccountManagementSystem.UnitTests", "Tests\AccountManagementSystem.UnitTests\AccountManagementSystem.UnitTests.csproj", "{15EC94AD-6D4D-402E-AE38-07BAC591F262}"
EndProject
Project("{FAE04EC0-301F-11D3-BF4B-00C04F79EFBC}") = "UserManagementSystem.UnitTests", "Tests\UserManagementSystem.UnitTests\UserManagementSystem.UnitTests.csproj", "{8CBC65C3-1E76-4BFF-8E35-65DD35AB442A}"
EndProject
Project("{FAE04EC0-301F-11D3-BF4B-00C04F79EFBC}") = "AdharManagementSystem", "AdharManagementSystem\AdharManagementSystem.csproj", "{11CB698B-D583-4650-BF1C-EDAE9DA8C583}"
EndProject
Global
	GlobalSection(SolutionConfigurationPlatforms) = preSolution
		Debug|Any CPU = Debug|Any CPU
		Release|Any CPU = Release|Any CPU
	EndGlobalSection
	GlobalSection(SolutionProperties) = preSolution
		HideSolutionNode = FALSE
	EndGlobalSection
	GlobalSection(ProjectConfigurationPlatforms) = postSolution
		{0B318BB8-D05A-4CB9-AD13-58A6EB096481}.Debug|Any CPU.ActiveCfg = Debug|Any CPU
		{0B318BB8-D05A-4CB9-AD13-58A6EB096481}.Debug|Any CPU.Build.0 = Debug|Any CPU
		{0B318BB8-D05A-4CB9-AD13-58A6EB096481}.Release|Any CPU.ActiveCfg = Release|Any CPU
		{0B318BB8-D05A-4CB9-AD13-58A6EB096481}.Release|Any CPU.Build.0 = Release|Any CPU
		{EF063966-77F2-4C26-A20E-FE10FEE5F92D}.Debug|Any CPU.ActiveCfg = Debug|Any CPU
		{EF063966-77F2-4C26-A20E-FE10FEE5F92D}.Debug|Any CPU.Build.0 = Debug|Any CPU
		{EF063966-77F2-4C26-A20E-FE10FEE5F92D}.Release|Any CPU.ActiveCfg = Release|Any CPU
		{EF063966-77F2-4C26-A20E-FE10FEE5F92D}.Release|Any CPU.Build.0 = Release|Any CPU
		{CE54ABFE-64D6-462A-9BE7-1A8DEE384F41}.Debug|Any CPU.ActiveCfg = Debug|Any CPU
		{CE54ABFE-64D6-462A-9BE7-1A8DEE384F41}.Debug|Any CPU.Build.0 = Debug|Any CPU
		{CE54ABFE-64D6-462A-9BE7-1A8DEE384F41}.Release|Any CPU.ActiveCfg = Release|Any CPU
		{CE54ABFE-64D6-462A-9BE7-1A8DEE384F41}.Release|Any CPU.Build.0 = Release|Any CPU
		{E670572D-5AFB-4933-935B-73C0C3F0FFC4}.Debug|Any CPU.ActiveCfg = Debug|Any CPU
		{E670572D-5AFB-4933-935B-73C0C3F0FFC4}.Debug|Any CPU.Build.0 = Debug|Any CPU
		{E670572D-5AFB-4933-935B-73C0C3F0FFC4}.Release|Any CPU.ActiveCfg = Release|Any CPU
		{E670572D-5AFB-4933-935B-73C0C3F0FFC4}.Release|Any CPU.Build.0 = Release|Any CPU
		{15EC94AD-6D4D-402E-AE38-07BAC591F262}.Debug|Any CPU.ActiveCfg = Debug|Any CPU
		{15EC94AD-6D4D-402E-AE38-07BAC591F262}.Debug|Any CPU.Build.0 = Debug|Any CPU
		{15EC94AD-6D4D-402E-AE38-07BAC591F262}.Release|Any CPU.ActiveCfg = Release|Any CPU
		{15EC94AD-6D4D-402E-AE38-07BAC591F262}.Release|Any CPU.Build.0 = Release|Any CPU
		{8CBC65C3-1E76-4BFF-8E35-65DD35AB442A}.Debug|Any CPU.ActiveCfg = Debug|Any CPU
		{8CBC65C3-1E76-4BFF-8E35-65DD35AB442A}.Debug|Any CPU.Build.0 = Debug|Any CPU
		{8CBC65C3-1E76-4BFF-8E35-65DD35AB442A}.Release|Any CPU.ActiveCfg = Release|Any CPU
		{8CBC65C3-1E76-4BFF-8E35-65DD35AB442A}.Release|Any CPU.Build.0 = Release|Any CPU
		{11CB698B-D583-4650-BF1C-EDAE9DA8C583}.Debug|Any CPU.ActiveCfg = Debug|Any CPU
		{11CB698B-D583-4650-BF1C-EDAE9DA8C583}.Debug|Any CPU.Build.0 = Debug|Any CPU
		{11CB698B-D583-4650-BF1C-EDAE9DA8C583}.Release|Any CPU.ActiveCfg = Release|Any CPU
		{11CB698B-D583-4650-BF1C-EDAE9DA8C583}.Release|Any CPU.Build.0 = Release|Any CPU
	EndGlobalSection
	GlobalSection(NestedProjects) = preSolution
		{15EC94AD-6D4D-402E-AE38-07BAC591F262} = {EC943488-0514-4B11-9CCC-8AB057435DBB}
		{8CBC65C3-1E76-4BFF-8E35-65DD35AB442A} = {EC943488-0514-4B11-9CCC-8AB057435DBB}
	EndGlobalSection
EndGlobal
